
Microsoft Visual Studio Solution File, Format Version 12.00
# Visual Studio Version 16
VisualStudioVersion = 16.0.30114.105
MinimumVisualStudioVersion = 10.0.40219.1
Project("{FAE04EC0-301F-11D3-BF4B-00C04F79EFBC}") = "DataTier", "DataTier\DataTier.csproj", "{B7D156E0-31F1-45D8-ACB5-37E84C537672}"
EndProject
Project("{FAE04EC0-301F-11D3-BF4B-00C04F79EFBC}") = "APIClasses", "APIClasses\APIClasses.csproj", "{A13FF424-AC63-455D-A369-8166C9F55058}"
EndProject
Project("{FAE04EC0-301F-11D3-BF4B-00C04F79EFBC}") = "BusinessTier", "BusinessTier\BusinessTier.csproj", "{30CC52AD-37BC-4823-930E-64A999E47326}"
EndProject
Global
	GlobalSection(SolutionConfigurationPlatforms) = preSolution
		Debug|Any CPU = Debug|Any CPU
		Release|Any CPU = Release|Any CPU
	EndGlobalSection
	GlobalSection(ProjectConfigurationPlatforms) = postSolution
		{B7D156E0-31F1-45D8-ACB5-37E84C537672}.Debug|Any CPU.ActiveCfg = Debug|Any CPU
		{B7D156E0-31F1-45D8-ACB5-37E84C537672}.Debug|Any CPU.Build.0 = Debug|Any CPU
		{B7D156E0-31F1-45D8-ACB5-37E84C537672}.Release|Any CPU.ActiveCfg = Release|Any CPU
		{B7D156E0-31F1-45D8-ACB5-37E84C537672}.Release|Any CPU.Build.0 = Release|Any CPU
		{A13FF424-AC63-455D-A369-8166C9F55058}.Debug|Any CPU.ActiveCfg = Debug|Any CPU
		{A13FF424-AC63-455D-A369-8166C9F55058}.Debug|Any CPU.Build.0 = Debug|Any CPU
		{A13FF424-AC63-455D-A369-8166C9F55058}.Release|Any CPU.ActiveCfg = Release|Any CPU
		{A13FF424-AC63-455D-A369-8166C9F55058}.Release|Any CPU.Build.0 = Release|Any CPU
		{30CC52AD-37BC-4823-930E-64A999E47326}.Debug|Any CPU.ActiveCfg = Debug|Any CPU
		{30CC52AD-37BC-4823-930E-64A999E47326}.Debug|Any CPU.Build.0 = Debug|Any CPU
		{30CC52AD-37BC-4823-930E-64A999E47326}.Release|Any CPU.ActiveCfg = Release|Any CPU
		{30CC52AD-37BC-4823-930E-64A999E47326}.Release|Any CPU.Build.0 = Release|Any CPU
	EndGlobalSection
	GlobalSection(SolutionProperties) = preSolution
		HideSolutionNode = FALSE
	EndGlobalSection
	GlobalSection(ExtensibilityGlobals) = postSolution
		SolutionGuid = {8CEEC16D-CBE1-497F-ABD1-978D258B6D76}
	EndGlobalSection
EndGlobal
