
Microsoft Visual Studio Solution File, Format Version 12.00
# Visual Studio Version 16
VisualStudioVersion = 16.0.30114.105
MinimumVisualStudioVersion = 10.0.40219.1
Project("{FAE04EC0-301F-11D3-BF4B-00C04F79EFBC}") = "BusinessTier", "BusinessTier\BusinessTier.csproj", "{370CDCEC-E77A-473C-A5B8-2DD9BFF3C58A}"
EndProject
Global
	GlobalSection(SolutionConfigurationPlatforms) = preSolution
		Debug|Any CPU = Debug|Any CPU
		Release|Any CPU = Release|Any CPU
	EndGlobalSection
	GlobalSection(ProjectConfigurationPlatforms) = postSolution
		{370CDCEC-E77A-473C-A5B8-2DD9BFF3C58A}.Debug|Any CPU.ActiveCfg = Debug|Any CPU
		{370CDCEC-E77A-473C-A5B8-2DD9BFF3C58A}.Debug|Any CPU.Build.0 = Debug|Any CPU
		{370CDCEC-E77A-473C-A5B8-2DD9BFF3C58A}.Release|Any CPU.ActiveCfg = Release|Any CPU
		{370CDCEC-E77A-473C-A5B8-2DD9BFF3C58A}.Release|Any CPU.Build.0 = Release|Any CPU
	EndGlobalSection
	GlobalSection(SolutionProperties) = preSolution
		HideSolutionNode = FALSE
	EndGlobalSection
	GlobalSection(ExtensibilityGlobals) = postSolution
		SolutionGuid = {410093DD-D9F2-4B65-8393-A45015EA7F17}
	EndGlobalSection
EndGlobal
